
Microsoft Visual Studio Solution File, Format Version 12.00
# Visual Studio Version 17
VisualStudioVersion = 17.9.34723.18
MinimumVisualStudioVersion = 10.0.40219.1
Project("{9A19103F-16F7-4668-BE54-9A1E7A4F7556}") = "InformationManagement", "InformationManagement\InformationManagement.csproj", "{FB77FABF-35BD-479D-83F5-96DD4F6757B4}"
EndProject
Project("{9A19103F-16F7-4668-BE54-9A1E7A4F7556}") = "InfoManagementDb", "InfoManagementDb\InfoManagementDb.csproj", "{3F3A2B45-BE0D-47AB-9D17-4AF88EA484FB}"
EndProject
Project("{9A19103F-16F7-4668-BE54-9A1E7A4F7556}") = "InfoManagementModel", "InfoManagementModel\InfoManagementModel.csproj", "{00F3F830-7355-4A55-82D7-025CDCDD10D5}"
EndProject
Project("{9A19103F-16F7-4668-BE54-9A1E7A4F7556}") = "InformationManagementServices", "InformationManagementServices\InformationManagementServices.csproj", "{90CBD45E-8B69-4C0C-8FA0-6E3130D49D2C}"
EndProject
Project("{FAE04EC0-301F-11D3-BF4B-00C04F79EFBC}") = "InfoManagementApi", "InfoManagementApi\InfoManagementApi.csproj", "{3E03B0EA-8E2D-4A26-B4EF-63ADC3F945D9}"
EndProject
Global
	GlobalSection(SolutionConfigurationPlatforms) = preSolution
		Debug|Any CPU = Debug|Any CPU
		Release|Any CPU = Release|Any CPU
	EndGlobalSection
	GlobalSection(ProjectConfigurationPlatforms) = postSolution
		{FB77FABF-35BD-479D-83F5-96DD4F6757B4}.Debug|Any CPU.ActiveCfg = Debug|Any CPU
		{FB77FABF-35BD-479D-83F5-96DD4F6757B4}.Debug|Any CPU.Build.0 = Debug|Any CPU
		{FB77FABF-35BD-479D-83F5-96DD4F6757B4}.Release|Any CPU.ActiveCfg = Release|Any CPU
		{FB77FABF-35BD-479D-83F5-96DD4F6757B4}.Release|Any CPU.Build.0 = Release|Any CPU
		{3F3A2B45-BE0D-47AB-9D17-4AF88EA484FB}.Debug|Any CPU.ActiveCfg = Debug|Any CPU
		{3F3A2B45-BE0D-47AB-9D17-4AF88EA484FB}.Debug|Any CPU.Build.0 = Debug|Any CPU
		{3F3A2B45-BE0D-47AB-9D17-4AF88EA484FB}.Release|Any CPU.ActiveCfg = Release|Any CPU
		{3F3A2B45-BE0D-47AB-9D17-4AF88EA484FB}.Release|Any CPU.Build.0 = Release|Any CPU
		{00F3F830-7355-4A55-82D7-025CDCDD10D5}.Debug|Any CPU.ActiveCfg = Debug|Any CPU
		{00F3F830-7355-4A55-82D7-025CDCDD10D5}.Debug|Any CPU.Build.0 = Debug|Any CPU
		{00F3F830-7355-4A55-82D7-025CDCDD10D5}.Release|Any CPU.ActiveCfg = Release|Any CPU
		{00F3F830-7355-4A55-82D7-025CDCDD10D5}.Release|Any CPU.Build.0 = Release|Any CPU
		{90CBD45E-8B69-4C0C-8FA0-6E3130D49D2C}.Debug|Any CPU.ActiveCfg = Debug|Any CPU
		{90CBD45E-8B69-4C0C-8FA0-6E3130D49D2C}.Debug|Any CPU.Build.0 = Debug|Any CPU
		{90CBD45E-8B69-4C0C-8FA0-6E3130D49D2C}.Release|Any CPU.ActiveCfg = Release|Any CPU
		{90CBD45E-8B69-4C0C-8FA0-6E3130D49D2C}.Release|Any CPU.Build.0 = Release|Any CPU
		{3E03B0EA-8E2D-4A26-B4EF-63ADC3F945D9}.Debug|Any CPU.ActiveCfg = Debug|Any CPU
		{3E03B0EA-8E2D-4A26-B4EF-63ADC3F945D9}.Debug|Any CPU.Build.0 = Debug|Any CPU
		{3E03B0EA-8E2D-4A26-B4EF-63ADC3F945D9}.Release|Any CPU.ActiveCfg = Release|Any CPU
		{3E03B0EA-8E2D-4A26-B4EF-63ADC3F945D9}.Release|Any CPU.Build.0 = Release|Any CPU
	EndGlobalSection
	GlobalSection(SolutionProperties) = preSolution
		HideSolutionNode = FALSE
	EndGlobalSection
	GlobalSection(ExtensibilityGlobals) = postSolution
		SolutionGuid = {6EBF4E48-8E01-41C7-A302-FD0E4E5BA373}
	EndGlobalSection
EndGlobal
